
Microsoft Visual Studio Solution File, Format Version 12.00
# Visual Studio Version 16
VisualStudioVersion = 16.0.33529.622
MinimumVisualStudioVersion = 10.0.40219.1
Project("{FAE04EC0-301F-11D3-BF4B-00C04F79EFBC}") = "Descuentos_de_Sueldo", "Descuentos_de_Sueldo\Descuentos_de_Sueldo.csproj", "{3B91BE7D-0DA9-4C92-A469-FE078197BA78}"
EndProject
Global
	GlobalSection(SolutionConfigurationPlatforms) = preSolution
		Debug|Any CPU = Debug|Any CPU
		Release|Any CPU = Release|Any CPU
	EndGlobalSection
	GlobalSection(ProjectConfigurationPlatforms) = postSolution
		{3B91BE7D-0DA9-4C92-A469-FE078197BA78}.Debug|Any CPU.ActiveCfg = Debug|Any CPU
		{3B91BE7D-0DA9-4C92-A469-FE078197BA78}.Debug|Any CPU.Build.0 = Debug|Any CPU
		{3B91BE7D-0DA9-4C92-A469-FE078197BA78}.Release|Any CPU.ActiveCfg = Release|Any CPU
		{3B91BE7D-0DA9-4C92-A469-FE078197BA78}.Release|Any CPU.Build.0 = Release|Any CPU
	EndGlobalSection
	GlobalSection(SolutionProperties) = preSolution
		HideSolutionNode = FALSE
	EndGlobalSection
	GlobalSection(ExtensibilityGlobals) = postSolution
		SolutionGuid = {733B923B-2B85-416F-AB24-8DD2E7F75B14}
	EndGlobalSection
EndGlobal
